%{"inch_ex": {:hex, :inch_ex, "0.5.1", "c1c18966c935944cbb2d273796b36e44fab3c54fd59f906ff026a686205b4e14", [:mix], [{:poison, "~> 1.5 or ~> 2.0", [hex: :poison, optional: false]}]},
  "mochiweb": {:hex, :mochiweb, "2.12.2", "80804ad342afa3d7f3524040d4eed66ce74b17a555de454ac85b07c479928e46", [:make, :rebar], []},
  "poison": {:hex, :poison, "2.1.0", "f583218ced822675e484648fa26c933d621373f01c6c76bd00005d7bd4b82e27", [:mix], []}}
