%{"inch_ex": {:hex, :inch_ex, "0.5.5", "b63f57e281467bd3456461525fdbc9e158c8edbe603da6e3e4671befde796a3d", [:mix], [{:poison, "~> 1.5 or ~> 2.0 or ~> 3.0", [hex: :poison, optional: false]}]},
  "mochiweb": {:hex, :mochiweb, "2.15.0", "e1daac474df07651e5d17cc1e642c4069c7850dc4508d3db7263a0651330aacc", [:rebar3], []},
  "poison": {:hex, :poison, "3.0.0", "625ebd64d33ae2e65201c2c14d6c85c27cc8b68f2d0dd37828fde9c6920dd131", [:mix], []}}
